
Microsoft Visual Studio Solution File, Format Version 12.00
# Visual Studio Version 17
VisualStudioVersion = 17.5.002.0
MinimumVisualStudioVersion = 10.0.40219.1
Project("{9A19103F-16F7-4668-BE54-9A1E7A4F7556}") = "CheatPlugin", "CheatPlugin.csproj", "{B5B18E30-1F29-4A61-B2E4-A1A8A748A940}"
EndProject
Global
	GlobalSection(SolutionConfigurationPlatforms) = preSolution
		Debug|Any CPU = Debug|Any CPU
		Release|Any CPU = Release|Any CPU
	EndGlobalSection
	GlobalSection(ProjectConfigurationPlatforms) = postSolution
		{B5B18E30-1F29-4A61-B2E4-A1A8A748A940}.Debug|Any CPU.ActiveCfg = Debug|Any CPU
		{B5B18E30-1F29-4A61-B2E4-A1A8A748A940}.Debug|Any CPU.Build.0 = Debug|Any CPU
		{B5B18E30-1F29-4A61-B2E4-A1A8A748A940}.Release|Any CPU.ActiveCfg = Release|Any CPU
		{B5B18E30-1F29-4A61-B2E4-A1A8A748A940}.Release|Any CPU.Build.0 = Release|Any CPU
	EndGlobalSection
	GlobalSection(SolutionProperties) = preSolution
		HideSolutionNode = FALSE
	EndGlobalSection
	GlobalSection(ExtensibilityGlobals) = postSolution
		SolutionGuid = {B34B71A7-F811-4446-9EF1-E3608E2D11FD}
	EndGlobalSection
EndGlobal
